
Microsoft Visual Studio Solution File, Format Version 12.00
# Visual Studio 15
Project("{FAE04EC0-301F-11D3-BF4B-00C04F79EFBC}") = "Assembly-CSharp", "Assembly-CSharp.csproj", "{EDF2EA3B-1935-13A9-2EDC-B71CCBAF9CAC}"
EndProject
Project("{FAE04EC0-301F-11D3-BF4B-00C04F79EFBC}") = "NavMeshComponents", "NavMeshComponents.csproj", "{96B507DA-11A6-A975-7C09-9CCD64F8DBA3}"
EndProject
Project("{FAE04EC0-301F-11D3-BF4B-00C04F79EFBC}") = "NavMeshComponentsEditor", "NavMeshComponentsEditor.csproj", "{A042D94B-5593-BDF4-6CDE-2623A1A781C2}"
EndProject
Project("{FAE04EC0-301F-11D3-BF4B-00C04F79EFBC}") = "Assembly-CSharp-Editor", "Assembly-CSharp-Editor.csproj", "{E75FC85F-5FA4-A0FF-F3F1-6D370A5B9D8B}"
EndProject
Global
	GlobalSection(SolutionConfigurationPlatforms) = preSolution
		Debug|Any CPU = Debug|Any CPU
		Release|Any CPU = Release|Any CPU
	EndGlobalSection
	GlobalSection(ProjectConfigurationPlatforms) = postSolution
		{EDF2EA3B-1935-13A9-2EDC-B71CCBAF9CAC}.Debug|Any CPU.ActiveCfg = Debug|Any CPU
		{EDF2EA3B-1935-13A9-2EDC-B71CCBAF9CAC}.Debug|Any CPU.Build.0 = Debug|Any CPU
		{EDF2EA3B-1935-13A9-2EDC-B71CCBAF9CAC}.Release|Any CPU.ActiveCfg = Release|Any CPU
		{EDF2EA3B-1935-13A9-2EDC-B71CCBAF9CAC}.Release|Any CPU.Build.0 = Release|Any CPU
		{96B507DA-11A6-A975-7C09-9CCD64F8DBA3}.Debug|Any CPU.ActiveCfg = Debug|Any CPU
		{96B507DA-11A6-A975-7C09-9CCD64F8DBA3}.Debug|Any CPU.Build.0 = Debug|Any CPU
		{96B507DA-11A6-A975-7C09-9CCD64F8DBA3}.Release|Any CPU.ActiveCfg = Release|Any CPU
		{96B507DA-11A6-A975-7C09-9CCD64F8DBA3}.Release|Any CPU.Build.0 = Release|Any CPU
		{A042D94B-5593-BDF4-6CDE-2623A1A781C2}.Debug|Any CPU.ActiveCfg = Debug|Any CPU
		{A042D94B-5593-BDF4-6CDE-2623A1A781C2}.Debug|Any CPU.Build.0 = Debug|Any CPU
		{A042D94B-5593-BDF4-6CDE-2623A1A781C2}.Release|Any CPU.ActiveCfg = Release|Any CPU
		{A042D94B-5593-BDF4-6CDE-2623A1A781C2}.Release|Any CPU.Build.0 = Release|Any CPU
		{E75FC85F-5FA4-A0FF-F3F1-6D370A5B9D8B}.Debug|Any CPU.ActiveCfg = Debug|Any CPU
		{E75FC85F-5FA4-A0FF-F3F1-6D370A5B9D8B}.Debug|Any CPU.Build.0 = Debug|Any CPU
		{E75FC85F-5FA4-A0FF-F3F1-6D370A5B9D8B}.Release|Any CPU.ActiveCfg = Release|Any CPU
		{E75FC85F-5FA4-A0FF-F3F1-6D370A5B9D8B}.Release|Any CPU.Build.0 = Release|Any CPU
	EndGlobalSection
	GlobalSection(SolutionProperties) = preSolution
		HideSolutionNode = FALSE
	EndGlobalSection
EndGlobal
